<Solution>
  <Folder Name="/src/">
    <Project Path="src/BaseDDD.Cli/BaseDDD.Cli.csproj" />
  </Folder>
  <Folder Name="/tests/">
    <Project Path="tests/BaseDDD.ArchitectureTests/BaseDDD.ArchitectureTests.csproj" />
    <Project Path="tests/BaseDDD.IntegrationTests/BaseDDD.IntegrationTests.csproj" />
    <Project Path="tests/BaseDDD.UnitTests/BaseDDD.UnitTests.csproj" />
  </Folder>
</Solution>
